DEPENDENCIES
  centos_cloud
    path: .
    metadata: true
  firewalld
    git: https://github.com/laboshinl/firewalld.git
    revision: 3e3f72fbc319a0266d312da882f7c8a3d59241f0
  libcloud
    git: https://github.com/laboshinl/libcloud.git
    revision: 7eaf4511e67fa2d81156bc3ea056aab72c7a9293
  lvm

GRAPH
  centos_cloud (0.9.0)
    firewalld (>= 0.2.3)
    libcloud (>= 0.1.0)
    lvm (>= 1.2.2)
  firewalld (0.2.3)
  libcloud (0.1.0)
  lvm (1.2.2)
